
Microsoft Visual Studio Solution File, Format Version 12.00
# Visual Studio Version 16
VisualStudioVersion = 16.0.31313.79
MinimumVisualStudioVersion = 10.0.40219.1
Project("{FAE04EC0-301F-11D3-BF4B-00C04F79EFBC}") = "AdapterPractice", "AdapterPractice\AdapterPractice.csproj", "{C841C9C1-9CB2-492F-BE8F-C3C992BE36F8}"
EndProject
Global
	GlobalSection(SolutionConfigurationPlatforms) = preSolution
		Debug|Any CPU = Debug|Any CPU
		Release|Any CPU = Release|Any CPU
	EndGlobalSection
	GlobalSection(ProjectConfigurationPlatforms) = postSolution
		{C841C9C1-9CB2-492F-BE8F-C3C992BE36F8}.Debug|Any CPU.ActiveCfg = Debug|Any CPU
		{C841C9C1-9CB2-492F-BE8F-C3C992BE36F8}.Debug|Any CPU.Build.0 = Debug|Any CPU
		{C841C9C1-9CB2-492F-BE8F-C3C992BE36F8}.Release|Any CPU.ActiveCfg = Release|Any CPU
		{C841C9C1-9CB2-492F-BE8F-C3C992BE36F8}.Release|Any CPU.Build.0 = Release|Any CPU
	EndGlobalSection
	GlobalSection(SolutionProperties) = preSolution
		HideSolutionNode = FALSE
	EndGlobalSection
	GlobalSection(ExtensibilityGlobals) = postSolution
		SolutionGuid = {BFBD7C24-D6FB-456D-ADA0-DD1F24796BED}
	EndGlobalSection
EndGlobal
