
Microsoft Visual Studio Solution File, Format Version 12.00
# Visual Studio Version 16
VisualStudioVersion = 16.0.31313.79
MinimumVisualStudioVersion = 10.0.40219.1
Project("{FAE04EC0-301F-11D3-BF4B-00C04F79EFBC}") = "AdapterDesign", "AdapterDesign\AdapterDesign.csproj", "{386E0431-E104-46CC-9645-F64C6ECBBE9A}"
EndProject
Global
	GlobalSection(SolutionConfigurationPlatforms) = preSolution
		Debug|Any CPU = Debug|Any CPU
		Release|Any CPU = Release|Any CPU
	EndGlobalSection
	GlobalSection(ProjectConfigurationPlatforms) = postSolution
		{386E0431-E104-46CC-9645-F64C6ECBBE9A}.Debug|Any CPU.ActiveCfg = Debug|Any CPU
		{386E0431-E104-46CC-9645-F64C6ECBBE9A}.Debug|Any CPU.Build.0 = Debug|Any CPU
		{386E0431-E104-46CC-9645-F64C6ECBBE9A}.Release|Any CPU.ActiveCfg = Release|Any CPU
		{386E0431-E104-46CC-9645-F64C6ECBBE9A}.Release|Any CPU.Build.0 = Release|Any CPU
	EndGlobalSection
	GlobalSection(SolutionProperties) = preSolution
		HideSolutionNode = FALSE
	EndGlobalSection
	GlobalSection(ExtensibilityGlobals) = postSolution
		SolutionGuid = {727A2B73-3E2A-4420-BAF8-4D54BFAB8773}
	EndGlobalSection
EndGlobal
