
Microsoft Visual Studio Solution File, Format Version 12.00
# Visual Studio Version 16
VisualStudioVersion = 16.0.809.7
MinimumVisualStudioVersion = 10.0.40219.1
Project("{FAE04EC0-301F-11D3-BF4B-00C04F79EFBC}") = "adapter", "adapter\adapter.csproj", "{178CF071-AABB-47DA-BDA9-EE0A1AC0803E}"
EndProject
Global
	GlobalSection(SolutionConfigurationPlatforms) = preSolution
		Debug|Any CPU = Debug|Any CPU
		Release|Any CPU = Release|Any CPU
	EndGlobalSection
	GlobalSection(ProjectConfigurationPlatforms) = postSolution
		{178CF071-AABB-47DA-BDA9-EE0A1AC0803E}.Debug|Any CPU.ActiveCfg = Debug|Any CPU
		{178CF071-AABB-47DA-BDA9-EE0A1AC0803E}.Debug|Any CPU.Build.0 = Debug|Any CPU
		{178CF071-AABB-47DA-BDA9-EE0A1AC0803E}.Release|Any CPU.ActiveCfg = Release|Any CPU
		{178CF071-AABB-47DA-BDA9-EE0A1AC0803E}.Release|Any CPU.Build.0 = Release|Any CPU
	EndGlobalSection
	GlobalSection(SolutionProperties) = preSolution
		HideSolutionNode = FALSE
	EndGlobalSection
	GlobalSection(ExtensibilityGlobals) = postSolution
		SolutionGuid = {8432A73C-583F-4A44-8FE7-AD74A7457989}
	EndGlobalSection
EndGlobal
